
Microsoft Visual Studio Solution File, Format Version 12.00
# Visual Studio Version 16
VisualStudioVersion = 25.0.1706.4
MinimumVisualStudioVersion = 10.0.40219.1
Project("{FAE04EC0-301F-11D3-BF4B-00C04F79EFBC}") = "InstaPet", "InstaPet\InstaPet.csproj", "{96E5D403-DDC6-4C11-9232-60C111E7D488}"
EndProject
Global
	GlobalSection(SolutionConfigurationPlatforms) = preSolution
		Debug|Any CPU = Debug|Any CPU
		Release|Any CPU = Release|Any CPU
	EndGlobalSection
	GlobalSection(ProjectConfigurationPlatforms) = postSolution
		{96E5D403-DDC6-4C11-9232-60C111E7D488}.Debug|Any CPU.ActiveCfg = Debug|Any CPU
		{96E5D403-DDC6-4C11-9232-60C111E7D488}.Debug|Any CPU.Build.0 = Debug|Any CPU
		{96E5D403-DDC6-4C11-9232-60C111E7D488}.Release|Any CPU.ActiveCfg = Release|Any CPU
		{96E5D403-DDC6-4C11-9232-60C111E7D488}.Release|Any CPU.Build.0 = Release|Any CPU
	EndGlobalSection
	GlobalSection(SolutionProperties) = preSolution
		HideSolutionNode = FALSE
	EndGlobalSection
	GlobalSection(ExtensibilityGlobals) = postSolution
		SolutionGuid = {2D8CBC72-3300-44B0-B313-D2D72479EDCB}
	EndGlobalSection
EndGlobal
